%{"certifi": {:hex, :certifi, "0.3.0"},
  "cowboy": {:git, "https://github.com/ninenines/cowboy.git", "dbb636034f20736e16eb9d6c809217c9525b6cbd", [branch: "master"]},
  "cowlib": {:git, "https://github.com/ninenines/cowlib", "d0cd6dcb338425a24f85f37ab1ba6d9aeaca89bb", [ref: "master"]},
  "espec": {:hex, :espec, "0.8.9"},
  "hackney": {:hex, :hackney, "1.4.8"},
  "httpoison": {:hex, :httpoison, "0.8.1"},
  "idna": {:hex, :idna, "1.0.3"},
  "meck": {:hex, :meck, "0.8.4"},
  "mimerl": {:hex, :mimerl, "1.0.2"},
  "poison": {:hex, :poison, "1.5.2"},
  "ranch": {:git, "https://github.com/ninenines/ranch", "741bfb73ca663394ecf7a73410506d66f01985a6", [ref: "1.1.0"]},
  "ssl_verify_hostname": {:hex, :ssl_verify_hostname, "1.0.5"},
  "wok_espec": {:git, "https://github.com/botsunit/wok_espec.git", "e26ae890c20bb3ca07a7e276a07fd3413bb111ff", []}}
